
Microsoft Visual Studio Solution File, Format Version 12.00
# Visual Studio 14
VisualStudioVersion = 14.0.25420.1
MinimumVisualStudioVersion = 10.0.40219.1
Project("{FAE04EC0-301F-11D3-BF4B-00C04F79EFBC}") = "GasPump", "GasPump\GasPump.csproj", "{DFF2DC58-C0D2-4654-8A44-FE9888AB27FF}"
EndProject
Global
	GlobalSection(SolutionConfigurationPlatforms) = preSolution
		Debug|Any CPU = Debug|Any CPU
		Release|Any CPU = Release|Any CPU
	EndGlobalSection
	GlobalSection(ProjectConfigurationPlatforms) = postSolution
		{DFF2DC58-C0D2-4654-8A44-FE9888AB27FF}.Debug|Any CPU.ActiveCfg = Debug|Any CPU
		{DFF2DC58-C0D2-4654-8A44-FE9888AB27FF}.Debug|Any CPU.Build.0 = Debug|Any CPU
		{DFF2DC58-C0D2-4654-8A44-FE9888AB27FF}.Release|Any CPU.ActiveCfg = Release|Any CPU
		{DFF2DC58-C0D2-4654-8A44-FE9888AB27FF}.Release|Any CPU.Build.0 = Release|Any CPU
	EndGlobalSection
	GlobalSection(SolutionProperties) = preSolution
		HideSolutionNode = FALSE
	EndGlobalSection
EndGlobal
